
Microsoft Visual Studio Solution File, Format Version 12.00
# Visual Studio Version 16
VisualStudioVersion = 16.0.30804.86
MinimumVisualStudioVersion = 10.0.40219.1
Project("{FAE04EC0-301F-11D3-BF4B-00C04F79EFBC}") = "Sim Companion", "Sim Companion\Sim Companion.csproj", "{F42D2735-5F31-4D18-8A4D-42D08EA087AD}"
EndProject
Global
	GlobalSection(SolutionConfigurationPlatforms) = preSolution
		Debug|Any CPU = Debug|Any CPU
		Debug|x64 = Debug|x64
		Release|Any CPU = Release|Any CPU
		Release|x64 = Release|x64
	EndGlobalSection
	GlobalSection(ProjectConfigurationPlatforms) = postSolution
		{F42D2735-5F31-4D18-8A4D-42D08EA087AD}.Debug|Any CPU.ActiveCfg = Debug|Any CPU
		{F42D2735-5F31-4D18-8A4D-42D08EA087AD}.Debug|Any CPU.Build.0 = Debug|Any CPU
		{F42D2735-5F31-4D18-8A4D-42D08EA087AD}.Debug|x64.ActiveCfg = Debug|x64
		{F42D2735-5F31-4D18-8A4D-42D08EA087AD}.Debug|x64.Build.0 = Debug|x64
		{F42D2735-5F31-4D18-8A4D-42D08EA087AD}.Release|Any CPU.ActiveCfg = Release|Any CPU
		{F42D2735-5F31-4D18-8A4D-42D08EA087AD}.Release|Any CPU.Build.0 = Release|Any CPU
		{F42D2735-5F31-4D18-8A4D-42D08EA087AD}.Release|x64.ActiveCfg = Release|x64
		{F42D2735-5F31-4D18-8A4D-42D08EA087AD}.Release|x64.Build.0 = Release|x64
	EndGlobalSection
	GlobalSection(SolutionProperties) = preSolution
		HideSolutionNode = FALSE
	EndGlobalSection
	GlobalSection(ExtensibilityGlobals) = postSolution
		SolutionGuid = {CAAA7C54-01A4-4FBC-AEBB-D89CC3F99C8D}
	EndGlobalSection
EndGlobal
